
Microsoft Visual Studio Solution File, Format Version 12.00
# Visual Studio 15
VisualStudioVersion = 15.0.28307.421
MinimumVisualStudioVersion = 10.0.40219.1
Project("{FAE04EC0-301F-11D3-BF4B-00C04F79EFBC}") = "ConsoleProgressBar", "ConsoleProgressBar\ConsoleProgressBar.csproj", "{07CC4563-82B5-444B-B0D7-CA46DF00E059}"
EndProject
Project("{FAE04EC0-301F-11D3-BF4B-00C04F79EFBC}") = "Example", "Example\Example.csproj", "{52F88D7C-07A4-4D97-8FED-11D1FEC094BE}"
EndProject
Global
	GlobalSection(SolutionConfigurationPlatforms) = preSolution
		Debug|Any CPU = Debug|Any CPU
		Release|Any CPU = Release|Any CPU
	EndGlobalSection
	GlobalSection(ProjectConfigurationPlatforms) = postSolution
		{07CC4563-82B5-444B-B0D7-CA46DF00E059}.Debug|Any CPU.ActiveCfg = Debug|Any CPU
		{07CC4563-82B5-444B-B0D7-CA46DF00E059}.Debug|Any CPU.Build.0 = Debug|Any CPU
		{07CC4563-82B5-444B-B0D7-CA46DF00E059}.Release|Any CPU.ActiveCfg = Release|Any CPU
		{07CC4563-82B5-444B-B0D7-CA46DF00E059}.Release|Any CPU.Build.0 = Release|Any CPU
		{52F88D7C-07A4-4D97-8FED-11D1FEC094BE}.Debug|Any CPU.ActiveCfg = Debug|Any CPU
		{52F88D7C-07A4-4D97-8FED-11D1FEC094BE}.Debug|Any CPU.Build.0 = Debug|Any CPU
		{52F88D7C-07A4-4D97-8FED-11D1FEC094BE}.Release|Any CPU.ActiveCfg = Release|Any CPU
		{52F88D7C-07A4-4D97-8FED-11D1FEC094BE}.Release|Any CPU.Build.0 = Release|Any CPU
	EndGlobalSection
	GlobalSection(SolutionProperties) = preSolution
		HideSolutionNode = FALSE
	EndGlobalSection
	GlobalSection(ExtensibilityGlobals) = postSolution
		SolutionGuid = {12CEE4ED-0807-4476-8A71-EA078AAADABB}
	EndGlobalSection
EndGlobal
